// !$*UTF8*$!
{
	archiveVersion = 1;
	classes = {
	};
	objectVersion = 56;
	objects = {

/* Begin PBXBuildFile section */
		C60E762C2BD1322800507D62 /* AppDelegate.swift in Sources */ = {isa = PBXBuildFile; fileRef = C60E762B2BD1322800507D62 /* AppDelegate.swift */; };
		C60E762E2BD1322800507D62 /* SceneDelegate.swift in Sources */ = {isa = PBXBuildFile; fileRef = C60E762D2BD1322800507D62 /* SceneDelegate.swift */; };
		C60E76302BD1322800507D62 /* ViewController.swift in Sources */ = {isa = PBXBuildFile; fileRef = C60E762F2BD1322800507D62 /* ViewController.swift */; };
		C60E76332BD1322800507D62 /* Main.storyboard in Resources */ = {isa = PBXBuildFile; fileRef = C60E76312BD1322800507D62 /* Main.storyboard */; };
		C60E76352BD1322900507D62 /* Assets.xcassets in Resources */ = {isa = PBXBuildFile; fileRef = C60E76342BD1322900507D62 /* Assets.xcassets */; };
		C60E76382BD1322900507D62 /* LaunchScreen.storyboard in Resources */ = {isa = PBXBuildFile; fileRef = C60E76362BD1322900507D62 /* LaunchScreen.storyboard */; };
		C60E76432BD1322900507D62 /* SampleTests.swift in Sources */ = {isa = PBXBuildFile; fileRef = C60E76422BD1322900507D62 /* SampleTests.swift */; };
		C60E764D2BD1322900507D62 /* SampleUITests.swift in Sources */ = {isa = PBXBuildFile; fileRef = C60E764C2BD1322900507D62 /* SampleUITests.swift */; };
		C60E764F2BD1322900507D62 /* SampleUITestsLaunchTests.swift in Sources */ = {isa = PBXBuildFile; fileRef = C60E764E2BD1322900507D62 /* SampleUITestsLaunchTests.swift */; };
		C65E94762BD3A169004F8EB3 /* userModel.swift in Sources */ = {isa = PBXBuildFile; fileRef = C65E94752BD3A169004F8EB3 /* userModel.swift */; };
		C66EA93E2BD3AA3C00A0E6F4 /* UITableView+ReusableNibView.swift in Sources */ = {isa = PBXBuildFile; fileRef = C66EA93D2BD3AA3C00A0E6F4 /* UITableView+ReusableNibView.swift */; };
		C690532A2BD2A6B5001E47EE /* CollectionViewCell.swift in Sources */ = {isa = PBXBuildFile; fileRef = C69053282BD2A6B5001E47EE /* CollectionViewCell.swift */; };
		C690532B2BD2A6B5001E47EE /* CollectionViewCell.xib in Resources */ = {isa = PBXBuildFile; fileRef = C69053292BD2A6B5001E47EE /* CollectionViewCell.xib */; };
/* End PBXBuildFile section */

/* Begin PBXContainerItemProxy section */
		C60E763F2BD1322900507D62 /* PBXContainerItemProxy */ = {
			isa = PBXContainerItemProxy;
			containerPortal = C60E76202BD1322800507D62 /* Project object */;
			proxyType = 1;
			remoteGlobalIDString = C60E76272BD1322800507D62;
			remoteInfo = Sample;
		};
		C60E76492BD1322900507D62 /* PBXContainerItemProxy */ = {
			isa = PBXContainerItemProxy;
			containerPortal = C60E76202BD1322800507D62 /* Project object */;
			proxyType = 1;
			remoteGlobalIDString = C60E76272BD1322800507D62;
			remoteInfo = Sample;
		};
/* End PBXContainerItemProxy section */

/* Begin PBXFileReference section */
		C60E76282BD1322800507D62 /* Sample.app */ = {isa = PBXFileReference; explicitFileType = wrapper.application; includeInIndex = 0; path = Sample.app; sourceTree = BUILT_PRODUCTS_DIR; };
		C60E762B2BD1322800507D62 /* AppDelegate.swift */ = {isa = PBXFileReference; lastKnownFileType = sourcecode.swift; path = AppDelegate.swift; sourceTree = "<group>"; };
		C60E762D2BD1322800507D62 /* SceneDelegate.swift */ = {isa = PBXFileReference; lastKnownFileType = sourcecode.swift; path = SceneDelegate.swift; sourceTree = "<group>"; };
		C60E762F2BD1322800507D62 /* ViewController.swift */ = {isa = PBXFileReference; lastKnownFileType = sourcecode.swift; path = ViewController.swift; sourceTree = "<group>"; };
		C60E76322BD1322800507D62 /* Base */ = {isa = PBXFileReference; lastKnownFileType = file.storyboard; name = Base; path = Base.lproj/Main.storyboard; sourceTree = "<group>"; };
		C60E76342BD1322900507D62 /* Assets.xcassets */ = {isa = PBXFileReference; lastKnownFileType = folder.assetcatalog; path = Assets.xcassets; sourceTree = "<group>"; };
		C60E76372BD1322900507D62 /* Base */ = {isa = PBXFileReference; lastKnownFileType = file.storyboard; name = Base; path = Base.lproj/LaunchScreen.storyboard; sourceTree = "<group>"; };
		C60E76392BD1322900507D62 /* Info.plist */ = {isa = PBXFileReference; lastKnownFileType = text.plist.xml; path = Info.plist; sourceTree = "<group>"; };
		C60E763E2BD1322900507D62 /* SampleTests.xctest */ = {isa = PBXFileReference; explicitFileType = wrapper.cfbundle; includeInIndex = 0; path = SampleTests.xctest; sourceTree = BUILT_PRODUCTS_DIR; };
		C60E76422BD1322900507D62 /* SampleTests.swift */ = {isa = PBXFileReference; lastKnownFileType = sourcecode.swift; path = SampleTests.swift; sourceTree = "<group>"; };
		C60E76482BD1322900507D62 /* SampleUITests.xctest */ = {isa = PBXFileReference; explicitFileType = wrapper.cfbundle; includeInIndex = 0; path = SampleUITests.xctest; sourceTree = BUILT_PRODUCTS_DIR; };
		C60E764C2BD1322900507D62 /* SampleUITests.swift */ = {isa = PBXFileReference; lastKnownFileType = sourcecode.swift; path = SampleUITests.swift; sourceTree = "<group>"; };
		C60E764E2BD1322900507D62 /* SampleUITestsLaunchTests.swift */ = {isa = PBXFileReference; lastKnownFileType = sourcecode.swift; path = SampleUITestsLaunchTests.swift; sourceTree = "<group>"; };
		C65E94752BD3A169004F8EB3 /* userModel.swift */ = {isa = PBXFileReference; lastKnownFileType = sourcecode.swift; path = userModel.swift; sourceTree = "<group>"; };
		C66EA93D2BD3AA3C00A0E6F4 /* UITableView+ReusableNibView.swift */ = {isa = PBXFileReference; fileEncoding = 4; lastKnownFileType = sourcecode.swift; path = "UITableView+ReusableNibView.swift"; sourceTree = "<group>"; };
		C69053282BD2A6B5001E47EE /* CollectionViewCell.swift */ = {isa = PBXFileReference; lastKnownFileType = sourcecode.swift; path = CollectionViewCell.swift; sourceTree = "<group>"; };
		C69053292BD2A6B5001E47EE /* CollectionViewCell.xib */ = {isa = PBXFileReference; lastKnownFileType = file.xib; path = CollectionViewCell.xib; sourceTree = "<group>"; };
/* End PBXFileReference section */

/* Begin PBXFrameworksBuildPhase section */
		C60E76252BD1322800507D62 /* Frameworks */ = {
			isa = PBXFrameworksBuildPhase;
			buildActionMask = 2147483647;
			files = (
			);
			runOnlyForDeploymentPostprocessing = 0;
		};
		C60E763B2BD1322900507D62 /* Frameworks */ = {
			isa = PBXFrameworksBuildPhase;
			buildActionMask = 2147483647;
			files = (
			);
			runOnlyForDeploymentPostprocessing = 0;
		};
		C60E76452BD1322900507D62 /* Frameworks */ = {
			isa = PBXFrameworksBuildPhase;
			buildActionMask = 2147483647;
			files = (
			);
			runOnlyForDeploymentPostprocessing = 0;
		};
/* End PBXFrameworksBuildPhase section */

/* Begin PBXGroup section */
		C60E761F2BD1322800507D62 = {
			isa = PBXGroup;
			children = (
				C60E762A2BD1322800507D62 /* Sample */,
				C60E76412BD1322900507D62 /* SampleTests */,
				C60E764B2BD1322900507D62 /* SampleUITests */,
				C60E76292BD1322800507D62 /* Products */,
			);
			sourceTree = "<group>";
		};
		C60E76292BD1322800507D62 /* Products */ = {
			isa = PBXGroup;
			children = (
				C60E76282BD1322800507D62 /* Sample.app */,
				C60E763E2BD1322900507D62 /* SampleTests.xctest */,
				C60E76482BD1322900507D62 /* SampleUITests.xctest */,
			);
			name = Products;
			sourceTree = "<group>";
		};
		C60E762A2BD1322800507D62 /* Sample */ = {
			isa = PBXGroup;
			children = (
				C66EA93F2BD3AA5D00A0E6F4 /* cells */,
				C60E762B2BD1322800507D62 /* AppDelegate.swift */,
				C60E762D2BD1322800507D62 /* SceneDelegate.swift */,
				C60E762F2BD1322800507D62 /* ViewController.swift */,
				C60E76312BD1322800507D62 /* Main.storyboard */,
				C60E76342BD1322900507D62 /* Assets.xcassets */,
				C60E76362BD1322900507D62 /* LaunchScreen.storyboard */,
				C60E76392BD1322900507D62 /* Info.plist */,
				C65E94752BD3A169004F8EB3 /* userModel.swift */,
				C66EA93D2BD3AA3C00A0E6F4 /* UITableView+ReusableNibView.swift */,
			);
			path = Sample;
			sourceTree = "<group>";
		};
		C60E76412BD1322900507D62 /* SampleTests */ = {
			isa = PBXGroup;
			children = (
				C60E76422BD1322900507D62 /* SampleTests.swift */,
			);
			path = SampleTests;
			sourceTree = "<group>";
		};
		C60E764B2BD1322900507D62 /* SampleUITests */ = {
			isa = PBXGroup;
			children = (
				C60E764C2BD1322900507D62 /* SampleUITests.swift */,
				C60E764E2BD1322900507D62 /* SampleUITestsLaunchTests.swift */,
			);
			path = SampleUITests;
			sourceTree = "<group>";
		};
		C66EA93F2BD3AA5D00A0E6F4 /* cells */ = {
			isa = PBXGroup;
			children = (
				C69053282BD2A6B5001E47EE /* CollectionViewCell.swift */,
				C69053292BD2A6B5001E47EE /* CollectionViewCell.xib */,
			);
			path = cells;
			sourceTree = "<group>";
		};
/* End PBXGroup section */

/* Begin PBXNativeTarget section */
		C60E76272BD1322800507D62 /* Sample */ = {
			isa = PBXNativeTarget;
			buildConfigurationList = C60E76522BD1322900507D62 /* Build configuration list for PBXNativeTarget "Sample" */;
			buildPhases = (
				C60E76242BD1322800507D62 /* Sources */,
				C60E76252BD1322800507D62 /* Frameworks */,
				C60E76262BD1322800507D62 /* Resources */,
			);
			buildRules = (
			);
			dependencies = (
			);
			name = Sample;
			productName = Sample;
			productReference = C60E76282BD1322800507D62 /* Sample.app */;
			productType = "com.apple.product-type.application";
		};
		C60E763D2BD1322900507D62 /* SampleTests */ = {
			isa = PBXNativeTarget;
			buildConfigurationList = C60E76552BD1322900507D62 /* Build configuration list for PBXNativeTarget "SampleTests" */;
			buildPhases = (
				C60E763A2BD1322900507D62 /* Sources */,
				C60E763B2BD1322900507D62 /* Frameworks */,
				C60E763C2BD1322900507D62 /* Resources */,
			);
			buildRules = (
			);
			dependencies = (
				C60E76402BD1322900507D62 /* PBXTargetDependency */,
			);
			name = SampleTests;
			productName = SampleTests;
			productReference = C60E763E2BD1322900507D62 /* SampleTests.xctest */;
			productType = "com.apple.product-type.bundle.unit-test";
		};
		C60E76472BD1322900507D62 /* SampleUITests */ = {
			isa = PBXNativeTarget;
			buildConfigurationList = C60E76582BD1322900507D62 /* Build configuration list for PBXNativeTarget "SampleUITests" */;
			buildPhases = (
				C60E76442BD1322900507D62 /* Sources */,
				C60E76452BD1322900507D62 /* Frameworks */,
				C60E76462BD1322900507D62 /* Resources */,
			);
			buildRules = (
			);
			dependencies = (
				C60E764A2BD1322900507D62 /* PBXTargetDependency */,
			);
			name = SampleUITests;
			productName = SampleUITests;
			productReference = C60E76482BD1322900507D62 /* SampleUITests.xctest */;
			productType = "com.apple.product-type.bundle.ui-testing";
		};
/* End PBXNativeTarget section */

/* Begin PBXProject section */
		C60E76202BD1322800507D62 /* Project object */ = {
			isa = PBXProject;
			attributes = {
				BuildIndependentTargetsInParallel = 1;
				LastSwiftUpdateCheck = 1500;
				LastUpgradeCheck = 1500;
				TargetAttributes = {
					C60E76272BD1322800507D62 = {
						CreatedOnToolsVersion = 15.0.1;
					};
					C60E763D2BD1322900507D62 = {
						CreatedOnToolsVersion = 15.0.1;
						TestTargetID = C60E76272BD1322800507D62;
					};
					C60E76472BD1322900507D62 = {
						CreatedOnToolsVersion = 15.0.1;
						TestTargetID = C60E76272BD1322800507D62;
					};
				};
			};
			buildConfigurationList = C60E76232BD1322800507D62 /* Build configuration list for PBXProject "Sample" */;
			compatibilityVersion = "Xcode 14.0";
			developmentRegion = en;
			hasScannedForEncodings = 0;
			knownRegions = (
				en,
				Base,
			);
			mainGroup = C60E761F2BD1322800507D62;
			productRefGroup = C60E76292BD1322800507D62 /* Products */;
			projectDirPath = "";
			projectRoot = "";
			targets = (
				C60E76272BD1322800507D62 /* Sample */,
				C60E763D2BD1322900507D62 /* SampleTests */,
				C60E76472BD1322900507D62 /* SampleUITests */,
			);
		};
/* End PBXProject section */

/* Begin PBXResourcesBuildPhase section */
		C60E76262BD1322800507D62 /* Resources */ = {
			isa = PBXResourcesBuildPhase;
			buildActionMask = 2147483647;
			files = (
				C60E76382BD1322900507D62 /* LaunchScreen.storyboard in Resources */,
				C60E76352BD1322900507D62 /* Assets.xcassets in Resources */,
				C690532B2BD2A6B5001E47EE /* CollectionViewCell.xib in Resources */,
				C60E76332BD1322800507D62 /* Main.storyboard in Resources */,
			);
			runOnlyForDeploymentPostprocessing = 0;
		};
		C60E763C2BD1322900507D62 /* Resources */ = {
			isa = PBXResourcesBuildPhase;
			buildActionMask = 2147483647;
			files = (
			);
			runOnlyForDeploymentPostprocessing = 0;
		};
		C60E76462BD1322900507D62 /* Resources */ = {
			isa = PBXResourcesBuildPhase;
			buildActionMask = 2147483647;
			files = (
			);
			runOnlyForDeploymentPostprocessing = 0;
		};
/* End PBXResourcesBuildPhase section */

/* Begin PBXSourcesBuildPhase section */
		C60E76242BD1322800507D62 /* Sources */ = {
			isa = PBXSourcesBuildPhase;
			buildActionMask = 2147483647;
			files = (
				C60E76302BD1322800507D62 /* ViewController.swift in Sources */,
				C60E762C2BD1322800507D62 /* AppDelegate.swift in Sources */,
				C65E94762BD3A169004F8EB3 /* userModel.swift in Sources */,
				C66EA93E2BD3AA3C00A0E6F4 /* UITableView+ReusableNibView.swift in Sources */,
				C690532A2BD2A6B5001E47EE /* CollectionViewCell.swift in Sources */,
				C60E762E2BD1322800507D62 /* SceneDelegate.swift in Sources */,
			);
			runOnlyForDeploymentPostprocessing = 0;
		};
		C60E763A2BD1322900507D62 /* Sources */ = {
			isa = PBXSourcesBuildPhase;
			buildActionMask = 2147483647;
			files = (
				C60E76432BD1322900507D62 /* SampleTests.swift in Sources */,
			);
			runOnlyForDeploymentPostprocessing = 0;
		};
		C60E76442BD1322900507D62 /* Sources */ = {
			isa = PBXSourcesBuildPhase;
			buildActionMask = 2147483647;
			files = (
				C60E764F2BD1322900507D62 /* SampleUITestsLaunchTests.swift in Sources */,
				C60E764D2BD1322900507D62 /* SampleUITests.swift in Sources */,
			);
			runOnlyForDeploymentPostprocessing = 0;
		};
/* End PBXSourcesBuildPhase section */

/* Begin PBXTargetDependency section */
		C60E76402BD1322900507D62 /* PBXTargetDependency */ = {
			isa = PBXTargetDependency;
			target = C60E76272BD1322800507D62 /* Sample */;
			targetProxy = C60E763F2BD1322900507D62 /* PBXContainerItemProxy */;
		};
		C60E764A2BD1322900507D62 /* PBXTargetDependency */ = {
			isa = PBXTargetDependency;
			target = C60E76272BD1322800507D62 /* Sample */;
			targetProxy = C60E76492BD1322900507D62 /* PBXContainerItemProxy */;
		};
/* End PBXTargetDependency section */

/* Begin PBXVariantGroup section */
		C60E76312BD1322800507D62 /* Main.storyboard */ = {
			isa = PBXVariantGroup;
			children = (
				C60E76322BD1322800507D62 /* Base */,
			);
			name = Main.storyboard;
			sourceTree = "<group>";
		};
		C60E76362BD1322900507D62 /* LaunchScreen.storyboard */ = {
			isa = PBXVariantGroup;
			children = (
				C60E76372BD1322900507D62 /* Base */,
			);
			name = LaunchScreen.storyboard;
			sourceTree = "<group>";
		};
/* End PBXVariantGroup section */

/* Begin XCBuildConfiguration section */
		C60E76502BD1322900507D62 /* Debug */ = {
			isa = XCBuildConfiguration;
			buildSettings = {
				ALWAYS_SEARCH_USER_PATHS = NO;
				ASSETCATALOG_COMPILER_GENERATE_SWIFT_ASSET_SYMBOL_EXTENSIONS = YES;
				CLANG_ANALYZER_NONNULL = YES;
				CLANG_ANALYZER_NUMBER_OBJECT_CONVERSION = YES_AGGRESSIVE;
				CLANG_CXX_LANGUAGE_STANDARD = "gnu++20";
				CLANG_ENABLE_MODULES = YES;
				CLANG_ENABLE_OBJC_ARC = YES;
				CLANG_ENABLE_OBJC_WEAK = YES;
				CLANG_WARN_BLOCK_CAPTURE_AUTORELEASING = YES;
				CLANG_WARN_BOOL_CONVERSION = YES;
				CLANG_WARN_COMMA = YES;
				CLANG_WARN_CONSTANT_CONVERSION = YES;
				CLANG_WARN_DEPRECATED_OBJC_IMPLEMENTATIONS = YES;
				CLANG_WARN_DIRECT_OBJC_ISA_USAGE = YES_ERROR;
				CLANG_WARN_DOCUMENTATION_COMMENTS = YES;
				CLANG_WARN_EMPTY_BODY = YES;
				CLANG_WARN_ENUM_CONVERSION = YES;
				CLANG_WARN_INFINITE_RECURSION = YES;
				CLANG_WARN_INT_CONVERSION = YES;
				CLANG_WARN_NON_LITERAL_NULL_CONVERSION = YES;
				CLANG_WARN_OBJC_IMPLICIT_RETAIN_SELF = YES;
				CLANG_WARN_OBJC_LITERAL_CONVERSION = YES;
				CLANG_WARN_OBJC_ROOT_CLASS = YES_ERROR;
				CLANG_WARN_QUOTED_INCLUDE_IN_FRAMEWORK_HEADER = YES;
				CLANG_WARN_RANGE_LOOP_ANALYSIS = YES;
				CLANG_WARN_STRICT_PROTOTYPES = YES;
				CLANG_WARN_SUSPICIOUS_MOVE = YES;
				CLANG_WARN_UNGUARDED_AVAILABILITY = YES_AGGRESSIVE;
				CLANG_WARN_UNREACHABLE_CODE = YES;
				CLANG_WARN__DUPLICATE_METHOD_MATCH = YES;
				COPY_PHASE_STRIP = NO;
				DEBUG_INFORMATION_FORMAT = dwarf;
				ENABLE_STRICT_OBJC_MSGSEND = YES;
				ENABLE_TESTABILITY = YES;
				ENABLE_USER_SCRIPT_SANDBOXING = YES;
				GCC_C_LANGUAGE_STANDARD = gnu17;
				GCC_DYNAMIC_NO_PIC = NO;
				GCC_NO_COMMON_BLOCKS = YES;
				GCC_OPTIMIZATION_LEVEL = 0;
				GCC_PREPROCESSOR_DEFINITIONS = (
					"DEBUG=1",
					"$(inherited)",
				);
				GCC_WARN_64_TO_32_BIT_CONVERSION = YES;
				GCC_WARN_ABOUT_RETURN_TYPE = YES_ERROR;
				GCC_WARN_UNDECLARED_SELECTOR = YES;
				GCC_WARN_UNINITIALIZED_AUTOS = YES_AGGRESSIVE;
				GCC_WARN_UNUSED_FUNCTION = YES;
				GCC_WARN_UNUSED_VARIABLE = YES;
				IPHONEOS_DEPLOYMENT_TARGET = 17.0;
				LOCALIZATION_PREFERS_STRING_CATALOGS = YES;
				MTL_ENABLE_DEBUG_INFO = INCLUDE_SOURCE;
				MTL_FAST_MATH = YES;
				ONLY_ACTIVE_ARCH = YES;
				SDKROOT = iphoneos;
				SWIFT_ACTIVE_COMPILATION_CONDITIONS = "DEBUG $(inherited)";
				SWIFT_OPTIMIZATION_LEVEL = "-Onone";
			};
			name = Debug;
		};
		C60E76512BD1322900507D62 /* Release */ = {
			isa = XCBuildConfiguration;
			buildSettings = {
				ALWAYS_SEARCH_USER_PATHS = NO;
				ASSETCATALOG_COMPILER_GENERATE_SWIFT_ASSET_SYMBOL_EXTENSIONS = YES;
				CLANG_ANALYZER_NONNULL = YES;
				CLANG_ANALYZER_NUMBER_OBJECT_CONVERSION = YES_AGGRESSIVE;
				CLANG_CXX_LANGUAGE_STANDARD = "gnu++20";
				CLANG_ENABLE_MODULES = YES;
				CLANG_ENABLE_OBJC_ARC = YES;
				CLANG_ENABLE_OBJC_WEAK = YES;
				CLANG_WARN_BLOCK_CAPTURE_AUTORELEASING = YES;
				CLANG_WARN_BOOL_CONVERSION = YES;
				CLANG_WARN_COMMA = YES;
				CLANG_WARN_CONSTANT_CONVERSION = YES;
				CLANG_WARN_DEPRECATED_OBJC_IMPLEMENTATIONS = YES;
				CLANG_WARN_DIRECT_OBJC_ISA_USAGE = YES_ERROR;
				CLANG_WARN_DOCUMENTATION_COMMENTS = YES;
				CLANG_WARN_EMPTY_BODY = YES;
				CLANG_WARN_ENUM_CONVERSION = YES;
				CLANG_WARN_INFINITE_RECURSION = YES;
				CLANG_WARN_INT_CONVERSION = YES;
				CLANG_WARN_NON_LITERAL_NULL_CONVERSION = YES;
				CLANG_WARN_OBJC_IMPLICIT_RETAIN_SELF = YES;
				CLANG_WARN_OBJC_LITERAL_CONVERSION = YES;
				CLANG_WARN_OBJC_ROOT_CLASS = YES_ERROR;
				CLANG_WARN_QUOTED_INCLUDE_IN_FRAMEWORK_HEADER = YES;
				CLANG_WARN_RANGE_LOOP_ANALYSIS = YES;
				CLANG_WARN_STRICT_PROTOTYPES = YES;
				CLANG_WARN_SUSPICIOUS_MOVE = YES;
				CLANG_WARN_UNGUARDED_AVAILABILITY = YES_AGGRESSIVE;
				CLANG_WARN_UNREACHABLE_CODE = YES;
				CLANG_WARN__DUPLICATE_METHOD_MATCH = YES;
				COPY_PHASE_STRIP = NO;
				DEBUG_INFORMATION_FORMAT = "dwarf-with-dsym";
				ENABLE_NS_ASSERTIONS = NO;
				ENABLE_STRICT_OBJC_MSGSEND = YES;
				ENABLE_USER_SCRIPT_SANDBOXING = YES;
				GCC_C_LANGUAGE_STANDARD = gnu17;
				GCC_NO_COMMON_BLOCKS = YES;
				GCC_WARN_64_TO_32_BIT_CONVERSION = YES;
				GCC_WARN_ABOUT_RETURN_TYPE = YES_ERROR;
				GCC_WARN_UNDECLARED_SELECTOR = YES;
				GCC_WARN_UNINITIALIZED_AUTOS = YES_AGGRESSIVE;
				GCC_WARN_UNUSED_FUNCTION = YES;
				GCC_WARN_UNUSED_VARIABLE = YES;
				IPHONEOS_DEPLOYMENT_TARGET = 17.0;
				LOCALIZATION_PREFERS_STRING_CATALOGS = YES;
				MTL_ENABLE_DEBUG_INFO = NO;
				MTL_FAST_MATH = YES;
				SDKROOT = iphoneos;
				SWIFT_COMPILATION_MODE = wholemodule;
				VALIDATE_PRODUCT = YES;
			};
			name = Release;
		};
		C60E76532BD1322900507D62 /* Debug */ = {
			isa = XCBuildConfiguration;
			buildSettings = {
				ASSETCATALOG_COMPILER_APPICON_NAME = AppIcon;
				ASSETCATALOG_COMPILER_GLOBAL_ACCENT_COLOR_NAME = AccentColor;
				CODE_SIGN_STYLE = Automatic;
				CURRENT_PROJECT_VERSION = 1;
				GENERATE_INFOPLIST_FILE = YES;
				INFOPLIST_FILE = Sample/Info.plist;
				INFOPLIST_KEY_UIApplicationSupportsIndirectInputEvents = YES;
				INFOPLIST_KEY_UILaunchStoryboardName = LaunchScreen;
				INFOPLIST_KEY_UIMainStoryboardFile = Main;
				INFOPLIST_KEY_UISupportedInterfaceOrientations_iPad = "UIInterfaceOrientationPortrait UIInterfaceOrientationPortraitUpsideDown UIInterfaceOrientationLandscapeLeft UIInterfaceOrientationLandscapeRight";
				INFOPLIST_KEY_UISupportedInterfaceOrientations_iPhone = "UIInterfaceOrientationPortrait UIInterfaceOrientationLandscapeLeft UIInterfaceOrientationLandscapeRight";
				LD_RUNPATH_SEARCH_PATHS = (
					"$(inherited)",
					"@executable_path/Frameworks",
				);
				MARKETING_VERSION = 1.0;
				PRODUCT_BUNDLE_IDENTIFIER = com.soni.Sample;
				PRODUCT_NAME = "$(TARGET_NAME)";
				SWIFT_EMIT_LOC_STRINGS = YES;
				SWIFT_VERSION = 5.0;
				TARGETED_DEVICE_FAMILY = "1,2";
			};
			name = Debug;
		};
		C60E76542BD1322900507D62 /* Release */ = {
			isa = XCBuildConfiguration;
			buildSettings = {
				ASSETCATALOG_COMPILER_APPICON_NAME = AppIcon;
				ASSETCATALOG_COMPILER_GLOBAL_ACCENT_COLOR_NAME = AccentColor;
				CODE_SIGN_STYLE = Automatic;
				CURRENT_PROJECT_VERSION = 1;
				GENERATE_INFOPLIST_FILE = YES;
				INFOPLIST_FILE = Sample/Info.plist;
				INFOPLIST_KEY_UIApplicationSupportsIndirectInputEvents = YES;
				INFOPLIST_KEY_UILaunchStoryboardName = LaunchScreen;
				INFOPLIST_KEY_UIMainStoryboardFile = Main;
				INFOPLIST_KEY_UISupportedInterfaceOrientations_iPad = "UIInterfaceOrientationPortrait UIInterfaceOrientationPortraitUpsideDown UIInterfaceOrientationLandscapeLeft UIInterfaceOrientationLandscapeRight";
				INFOPLIST_KEY_UISupportedInterfaceOrientations_iPhone = "UIInterfaceOrientationPortrait UIInterfaceOrientationLandscapeLeft UIInterfaceOrientationLandscapeRight";
				LD_RUNPATH_SEARCH_PATHS = (
					"$(inherited)",
					"@executable_path/Frameworks",
				);
				MARKETING_VERSION = 1.0;
				PRODUCT_BUNDLE_IDENTIFIER = com.soni.Sample;
				PRODUCT_NAME = "$(TARGET_NAME)";
				SWIFT_EMIT_LOC_STRINGS = YES;
				SWIFT_VERSION = 5.0;
				TARGETED_DEVICE_FAMILY = "1,2";
			};
			name = Release;
		};
		C60E76562BD1322900507D62 /* Debug */ = {
			isa = XCBuildConfiguration;
			buildSettings = {
				ALWAYS_EMBED_SWIFT_STANDARD_LIBRARIES = YES;
				BUNDLE_LOADER = "$(TEST_HOST)";
				CODE_SIGN_STYLE = Automatic;
				CURRENT_PROJECT_VERSION = 1;
				GENERATE_INFOPLIST_FILE = YES;
				IPHONEOS_DEPLOYMENT_TARGET = 17.0;
				MARKETING_VERSION = 1.0;
				PRODUCT_BUNDLE_IDENTIFIER = com.soni.SampleTests;
				PRODUCT_NAME = "$(TARGET_NAME)";
				SWIFT_EMIT_LOC_STRINGS = NO;
				SWIFT_VERSION = 5.0;
				TARGETED_DEVICE_FAMILY = "1,2";
				TEST_HOST = "$(BUILT_PRODUCTS_DIR)/Sample.app/$(BUNDLE_EXECUTABLE_FOLDER_PATH)/Sample";
			};
			name = Debug;
		};
		C60E76572BD1322900507D62 /* Release */ = {
			isa = XCBuildConfiguration;
			buildSettings = {
				ALWAYS_EMBED_SWIFT_STANDARD_LIBRARIES = YES;
				BUNDLE_LOADER = "$(TEST_HOST)";
				CODE_SIGN_STYLE = Automatic;
				CURRENT_PROJECT_VERSION = 1;
				GENERATE_INFOPLIST_FILE = YES;
				IPHONEOS_DEPLOYMENT_TARGET = 17.0;
				MARKETING_VERSION = 1.0;
				PRODUCT_BUNDLE_IDENTIFIER = com.soni.SampleTests;
				PRODUCT_NAME = "$(TARGET_NAME)";
				SWIFT_EMIT_LOC_STRINGS = NO;
				SWIFT_VERSION = 5.0;
				TARGETED_DEVICE_FAMILY = "1,2";
				TEST_HOST = "$(BUILT_PRODUCTS_DIR)/Sample.app/$(BUNDLE_EXECUTABLE_FOLDER_PATH)/Sample";
			};
			name = Release;
		};
		C60E76592BD1322900507D62 /* Debug */ = {
			isa = XCBuildConfiguration;
			buildSettings = {
				ALWAYS_EMBED_SWIFT_STANDARD_LIBRARIES = YES;
				CODE_SIGN_STYLE = Automatic;
				CURRENT_PROJECT_VERSION = 1;
				GENERATE_INFOPLIST_FILE = YES;
				MARKETING_VERSION = 1.0;
				PRODUCT_BUNDLE_IDENTIFIER = com.soni.SampleUITests;
				PRODUCT_NAME = "$(TARGET_NAME)";
				SWIFT_EMIT_LOC_STRINGS = NO;
				SWIFT_VERSION = 5.0;
				TARGETED_DEVICE_FAMILY = "1,2";
				TEST_TARGET_NAME = Sample;
			};
			name = Debug;
		};
		C60E765A2BD1322900507D62 /* Release */ = {
			isa = XCBuildConfiguration;
			buildSettings = {
				ALWAYS_EMBED_SWIFT_STANDARD_LIBRARIES = YES;
				CODE_SIGN_STYLE = Automatic;
				CURRENT_PROJECT_VERSION = 1;
				GENERATE_INFOPLIST_FILE = YES;
				MARKETING_VERSION = 1.0;
				PRODUCT_BUNDLE_IDENTIFIER = com.soni.SampleUITests;
				PRODUCT_NAME = "$(TARGET_NAME)";
				SWIFT_EMIT_LOC_STRINGS = NO;
				SWIFT_VERSION = 5.0;
				TARGETED_DEVICE_FAMILY = "1,2";
				TEST_TARGET_NAME = Sample;
			};
			name = Release;
		};
/* End XCBuildConfiguration section */

/* Begin XCConfigurationList section */
		C60E76232BD1322800507D62 /* Build configuration list for PBXProject "Sample" */ = {
			isa = XCConfigurationList;
			buildConfigurations = (
				C60E76502BD1322900507D62 /* Debug */,
				C60E76512BD1322900507D62 /* Release */,
			);
			defaultConfigurationIsVisible = 0;
			defaultConfigurationName = Release;
		};
		C60E76522BD1322900507D62 /* Build configuration list for PBXNativeTarget "Sample" */ = {
			isa = XCConfigurationList;
			buildConfigurations = (
				C60E76532BD1322900507D62 /* Debug */,
				C60E76542BD1322900507D62 /* Release */,
			);
			defaultConfigurationIsVisible = 0;
			defaultConfigurationName = Release;
		};
		C60E76552BD1322900507D62 /* Build configuration list for PBXNativeTarget "SampleTests" */ = {
			isa = XCConfigurationList;
			buildConfigurations = (
				C60E76562BD1322900507D62 /* Debug */,
				C60E76572BD1322900507D62 /* Release */,
			);
			defaultConfigurationIsVisible = 0;
			defaultConfigurationName = Release;
		};
		C60E76582BD1322900507D62 /* Build configuration list for PBXNativeTarget "SampleUITests" */ = {
			isa = XCConfigurationList;
			buildConfigurations = (
				C60E76592BD1322900507D62 /* Debug */,
				C60E765A2BD1322900507D62 /* Release */,
			);
			defaultConfigurationIsVisible = 0;
			defaultConfigurationName = Release;
		};
/* End XCConfigurationList section */
	};
	rootObject = C60E76202BD1322800507D62 /* Project object */;
}
